# rvpm.lock — generated by rvpm. Commit this alongside config.toml for reproducibility.
# Do not edit by hand; run `rvpm sync` or `rvpm update` to refresh.

version = 1

[[plugins]]
name = "Alduin"
url = "https://github.com/AlessandroYorba/Alduin"
commit = "6575a0f167fef521c404681b96caebdb2b9cc4cd"

[[plugins]]
name = "BackAndForward.vim"
url = "https://github.com/Bakudankun/BackAndForward.vim"
commit = "09c067217d408b99e8b2b2ccc4170ac32daef934"

[[plugins]]
name = "Lavi"
url = "https://github.com/b0o/Lavi"
commit = "bfa12d14c50e6471126808cb1f1df1ae20fa5162"

[[plugins]]
name = "SmoothCursor.nvim"
url = "https://github.com/gen740/SmoothCursor.nvim"
commit = "12518b284e1e3f7c6c703b346815968e1620bee2"

[[plugins]]
name = "Sonomin.nvim"
url = "https://github.com/Styzex/Sonomin.nvim"
commit = "792775a1fc87fc50fcd15a73431366cfc01eea58"

[[plugins]]
name = "abstract.vim"
url = "https://github.com/jdsimcoe/abstract.vim"
commit = "16d013149a706cdf892de4d7835558781d8c9fe6"

[[plugins]]
name = "acario.nvim"
url = "https://github.com/0x-ximon/acario.nvim"
commit = "e08337a4bad97fb9cb8b8da68c10c01891f7d39f"

[[plugins]]
name = "aerial.nvim"
url = "https://github.com/stevearc/aerial.nvim"
commit = "645d108a5242ec7b378cbe643eb6d04d4223f034"

[[plugins]]
name = "ahdr.vim"
url = "https://github.com/yukimemi/ahdr.vim"
commit = "9fd8b901b4ad568e18a96d8d2537071917aca468"

[[plugins]]
name = "angelic.nvim"
url = "https://github.com/sponkurtus2/angelic.nvim"
commit = "15b009fcac3308554bb417b67def6be27811fa2d"

[[plugins]]
name = "angr.vim"
url = "https://github.com/zacanger/angr.vim"
commit = "fb5dc3f5b9a3dfd5db0ce1b6250d6e9a9a3e701c"

[[plugins]]
name = "aqua"
url = "https://github.com/arrow2nd/aqua"
commit = "22b1992f522ec05c82b4d2872b8e6a6a578686c4"

[[plugins]]
name = "aquarium-vim"
url = "https://github.com/FrenzyExists/aquarium-vim"
commit = "6da0091836f36f82af558f0395ea50fd5a297d6d"

[[plugins]]
name = "asyncrun.vim"
url = "https://github.com/skywind3000/asyncrun.vim"
commit = "98d3c0fdeb983f0ef62fe3a49da440f6d2c045ce"

[[plugins]]
name = "asyncsearcher.vim"
url = "https://github.com/yukimemi/asyncsearcher.vim"
commit = "6453ca8375ae084be723119fe3bf606ae0ebcffa"

[[plugins]]
name = "atlas.vim"
url = "https://github.com/ajlende/atlas.vim"
commit = "56e40e6561c11b52d381c4ddce725b56c48bb346"

[[plugins]]
name = "aura-theme"
url = "https://github.com/daltonmenezes/aura-theme"
commit = "20924aa0a43975420edd0e0b2f919e07a3eff9c9"

[[plugins]]
name = "aurora"
url = "https://github.com/ray-x/aurora"
commit = "a7b2199d4463e4998dae4f4fcd6f811f4acd7769"

[[plugins]]
name = "auto-session"
url = "https://github.com/rmagatti/auto-session"
commit = "62437532b38495551410b3f377bcf4aaac574ebe"

[[plugins]]
name = "autoread.nvim"
url = "https://github.com/manuuurino/autoread.nvim"
commit = "1e076c467feec1cb4294b739c78bbf8c35995179"

[[plugins]]
name = "autoreplacer.vim"
url = "https://github.com/yukimemi/autoreplacer.vim"
commit = "1a9854fdc147618ebdcce182ccfa31d8124c8a47"

[[plugins]]
name = "awesome-vim-colorschemes"
url = "https://github.com/rafi/awesome-vim-colorschemes"
commit = "ae5e02298c8de6a5aa98fe4d29a21874cfcc3619"

[[plugins]]
name = "ayu-vim"
url = "https://github.com/ayu-theme/ayu-vim"
commit = "01faacb4cb76e8cf72ad9858c581d80876260ab3"

[[plugins]]
name = "beacon.nvim"
url = "https://github.com/DanilaMihailov/beacon.nvim"
commit = "098ff96c33874339d5e61656f3050dbd587d6bd5"

[[plugins]]
name = "blink-ripgrep.nvim"
url = "https://github.com/mikavilpas/blink-ripgrep.nvim"
commit = "52f40e6b10ce51e0a9a412d28048cfd7561478d8"

[[plugins]]
name = "blink.cmp"
url = "https://github.com/saghen/blink.cmp"
commit = "78336bc89ee5365633bcf754d93df01678b5c08f"

[[plugins]]
name = "blink.compat"
url = "https://github.com/saghen/blink.compat"
commit = "1454f14a8d855a578ceeba77c62538fa1459a67c"

[[plugins]]
name = "blink.lib"
url = "https://github.com/saghen/blink.lib"
commit = "dda2666685a5ac3598166577d2e34f1fff6b1637"

[[plugins]]
name = "cake16"
url = "https://github.com/zefei/cake16"
commit = "7367a7caa750e6379c0e8a56229347b9a0a24048"

[[plugins]]
name = "caret.nvim"
url = "https://github.com/projekt0n/caret.nvim"
commit = "62a18089e5eedc329dea7fb5f1436d1c1bf672b1"

[[plugins]]
name = "catppuccin"
url = "https://github.com/catppuccin/nvim"
commit = "426dbebe06b5c69fd846ceb17b42e12f890aedf1"

[[plugins]]
name = "chezmoi.nvim"
url = "https://github.com/xvzc/chezmoi.nvim"
commit = "4167bbec76f693f481a5243f1be521ff0ccf1a6d"

[[plugins]]
name = "chronicle.vim"
url = "https://github.com/yukimemi/chronicle.vim"
commit = "8e75a86fed7722a5cf9b00ce59f793e804c78af3"

[[plugins]]
name = "colibri.vim"
url = "https://github.com/archseer/colibri.vim"
commit = "ad82132e0cbbdfa194d722f15c2df8f0d04b5b71"

[[plugins]]
name = "colorful-winsep.nvim"
url = "https://github.com/nvim-zh/colorful-winsep.nvim"
commit = "6134b5cd4a38990c7b720adc90973ed32f726179"

[[plugins]]
name = "colorimetry.nvim"
url = "https://github.com/monaqa/colorimetry.nvim"
commit = "9a942d136be0eb8fa94d965844f9ec6325b4c3a9"

[[plugins]]
name = "committia.vim"
url = "https://github.com/rhysd/committia.vim"
commit = "c8c0f255e8090ed90dd9d5dd2e8672994f8e3671"

[[plugins]]
name = "conform.nvim"
url = "https://github.com/stevearc/conform.nvim"
commit = "dca1a190aa85f9065979ef35802fb77131911106"

[[plugins]]
name = "context_filetype.vim"
url = "https://github.com/Shougo/context_filetype.vim"
commit = "ffb1ec4b2b3b34d77dd1a1b3610f2533eb69506c"

[[plugins]]
name = "contextment.vim"
url = "https://github.com/uga-rosa/contextment.vim"
commit = "bb522683081bd773d7087fc352e2ba79a2dac6a1"

[[plugins]]
name = "crates.nvim"
url = "https://github.com/Saecki/crates.nvim"
commit = "694357861ec9ebf12475ddcdd04ea45a0923c32d"

[[plugins]]
name = "cyberdream.nvim"
url = "https://github.com/scottmckendry/cyberdream.nvim"
commit = "d1866f5b606896ca530be00bafbd12a3e6bb6efd"

[[plugins]]
name = "darcula"
url = "https://github.com/doums/darcula"
commit = "faf8dbab27bee0f27e4f1c3ca7e9695af9b1242b"

[[plugins]]
name = "denippet.vim"
url = "https://github.com/uga-rosa/denippet.vim"
commit = "9a19bb6ddcdeb7a60860ac27e180d6d400ab10c7"

[[plugins]]
name = "denops.vim"
url = "https://github.com/vim-denops/denops.vim"
commit = "1df7a022d6e9cb3f6a3db43235e0f174ccd79e03"

[[plugins]]
name = "dial.nvim"
url = "https://github.com/monaqa/dial.nvim"
commit = "f2634758455cfa52a8acea6f142dcd6271a1bf57"

[[plugins]]
name = "diffview.nvim"
url = "https://github.com/sindrets/diffview.nvim"
commit = "4516612fe98ff56ae0415a259ff6361a89419b0a"

[[plugins]]
name = "dracula"
url = "https://github.com/dracula/vim"
commit = "e7b91facff94bdf3a248df9b683119b84672256a"

[[plugins]]
name = "dropbar.nvim"
url = "https://github.com/Bekaboo/dropbar.nvim"
commit = "f0a42bd92aa647e44221397723453403f5e20f16"

[[plugins]]
name = "edge"
url = "https://github.com/sainnhe/edge"
commit = "7ec78c21bd8f0b2b0b47043bb1e730c561647c72"

[[plugins]]
name = "evergarden"
url = "https://github.com/crispybaccoon/evergarden"
commit = "762a37afe2e242144355fafe385d638ec347ec48"

[[plugins]]
name = "everviolet"
url = "https://github.com/everviolet/nvim"
commit = "762a37afe2e242144355fafe385d638ec347ec48"

[[plugins]]
name = "falcon"
url = "https://github.com/fenetikm/falcon"
commit = "276cd483c73f5389f0bd99b18e2452bd57b77bf6"

[[plugins]]
name = "fidget.nvim"
url = "https://github.com/j-hui/fidget.nvim"
commit = "889e2e96edef4e144965571d46f7a77bcc4d0ddf"

[[plugins]]
name = "flash.nvim"
url = "https://github.com/folke/flash.nvim"
commit = "fcea7ff883235d9024dc41e638f164a450c14ca2"

[[plugins]]
name = "flow.nvim"
url = "https://github.com/0xstepit/flow.nvim"
commit = "4863b14263a77f8efb79068f7078b6261c9cbda2"

[[plugins]]
name = "fluoromachine.nvim"
url = "https://github.com/maxmx03/fluoromachine.nvim"
commit = "a279f667168e742df059caf1f1f4daf1de24f4f8"

[[plugins]]
name = "friendly-snippets"
url = "https://github.com/rafamadriz/friendly-snippets"
commit = "6cd7280adead7f586db6fccbd15d2cac7e2188b9"

[[plugins]]
name = "futago.vim"
url = "https://github.com/yukimemi/futago.vim"
commit = "ce6f7373653a1e4eb1732e2d4a9706c2d622060b"

[[plugins]]
name = "git-timemachine.nvim"
url = "https://github.com/dallagi/git-timemachine.nvim"
commit = "16b78badc23a314096a00fa9a3313661df39e018"

[[plugins]]
name = "github-colors"
url = "https://github.com/lourenci/github-colors"
commit = "7292749e49e6f870e63879a528bb05c8c8d1a59a"

[[plugins]]
name = "github-light.vim"
url = "https://github.com/romgrk/github-light.vim"
commit = "580dcc6f09ff10c3af03d82f16768867a388d4ce"

[[plugins]]
name = "github-nvim-theme"
url = "https://github.com/projekt0n/github-nvim-theme"
commit = "c106c9472154d6b2c74b74565616b877ae8ed31d"

[[plugins]]
name = "gitsigns.nvim"
url = "https://github.com/lewis6991/gitsigns.nvim"
commit = "6d808f99bd63303646794406e270bd553ad7792e"

[[plugins]]
name = "grug-far.nvim"
url = "https://github.com/MagicDuck/grug-far.nvim"
commit = "21790e59dd0109a92a70cb874dd002af186314f5"

[[plugins]]
name = "gruvbox-community"
url = "https://github.com/gruvbox-community/gruvbox"
commit = "180ad85971343df68be3422a5630fa84e45a9ab2"

[[plugins]]
name = "gruvbox-flat.nvim"
url = "https://github.com/eddyekofo94/gruvbox-flat.nvim"
commit = "1dc35c81da30d297f82d438ff362cf1b01d36782"

[[plugins]]
name = "gruvbox-material"
url = "https://github.com/sainnhe/gruvbox-material"
commit = "11d779b26a9ab2b3db8c22c6ac9fb6e8ed4fea79"

[[plugins]]
name = "gruvbox.nvim"
url = "https://github.com/ellisonleao/gruvbox.nvim"
commit = "154eb5ff5b96d0641307113fa385eaf0d36d9796"

[[plugins]]
name = "halcyon-neovim"
url = "https://github.com/kwsp/halcyon-neovim"
commit = "77350014854d19e2005b6942f74d175f57e49127"

[[plugins]]
name = "hardtime.nvim"
url = "https://github.com/m4xshen/hardtime.nvim"
commit = "b4e431934af1fe224a3a801f632c008278cb7628"

[[plugins]]
name = "here.nvim"
url = "https://github.com/juliuswaldmann/here.nvim"
commit = "c0964ca41219ddd38fac83b46e3dadf46f06266c"

[[plugins]]
name = "hitori.vim"
url = "https://github.com/yukimemi/hitori.vim"
commit = "73e8253fd8deabaf1c1b9e0e5f1662a7b1dfccf6"

[[plugins]]
name = "hover.nvim"
url = "https://github.com/lewis6991/hover.nvim"
commit = "e73c00da3a9c87a21d2a8ddf7ab4a39824bd5d56"

[[plugins]]
name = "hubbamax.nvim"
url = "https://github.com/alexpasmantier/hubbamax.nvim"
commit = "c45f568b1018529fe9c1f657806cfd3106df33b7"

[[plugins]]
name = "hydrangea-vim"
url = "https://github.com/yuttie/hydrangea-vim"
commit = "866d2f3ac65ca4bacc5da6e7687247f0053dafc6"

[[plugins]]
name = "iceberg-dark"
url = "https://github.com/gkeep/iceberg-dark"
commit = "22c19b73e226d9eaafb088f464331fae54dfeda5"

[[plugins]]
name = "iceberg.vim"
url = "https://github.com/cocopon/iceberg.vim"
commit = "23835d5ed696436f716cbfdb56a93a7850fe3b18"

[[plugins]]
name = "kanagawa-paper.nvim"
url = "https://github.com/sho-87/kanagawa-paper.nvim"
commit = "3a024e8fd7105ee9416aafcdb0a7787be1795d68"

[[plugins]]
name = "kanagawa.nvim"
url = "https://github.com/rebelot/kanagawa.nvim"
commit = "8ad3b4cdcc804b332c32db8f9743667e1bb82b99"

[[plugins]]
name = "kdl.vim"
url = "https://github.com/imsnif/kdl.vim"
commit = "b84d7d3a15d8d30da016cf9e98e2cfbe35cddee5"

[[plugins]]
name = "kyotonight"
url = "https://github.com/sigmavim/kyotonight"
commit = "040aa565ef75bc1e2b566e3fc5d953ccaecd1447"

[[plugins]]
name = "leaf.nvim"
url = "https://github.com/daschw/leaf.nvim"
commit = "847011cc5d94fab50577d93afafccba82f217b01"

[[plugins]]
name = "log-highlight.nvim"
url = "https://github.com/fei6409/log-highlight.nvim"
commit = "ca88628f6dd3b9bb46f9a7401669e24cf7de47a4"

[[plugins]]
name = "lspsaga.nvim"
url = "https://github.com/nvimdev/lspsaga.nvim"
commit = "c532fb86c3d211c5829ad58d2a0783012739bb65"

[[plugins]]
name = "lualine.nvim"
url = "https://github.com/nvim-lualine/lualine.nvim"
commit = "131a558e13f9f28b15cd235557150ccb23f89286"

[[plugins]]
name = "lumiris.vim"
url = "https://github.com/yukimemi/lumiris.vim"
commit = "d818b31f53c614df7ed459f6a88f5eec50ebe91d"

[[plugins]]
name = "magical-girl-vim"
url = "https://github.com/atrnh/magical-girl-vim"
commit = "eaa9f701ec5fd63ebed8a6c09294a1c616248811"

[[plugins]]
name = "markdown-toggle.nvim"
url = "https://github.com/roodolv/markdown-toggle.nvim"
commit = "86235e1c5f7ff12174dbb33bdeb091040a8cbe63"

[[plugins]]
name = "mason-lspconfig.nvim"
url = "https://github.com/mason-org/mason-lspconfig.nvim"
commit = "0c2823e0418f3d9230ff8b201c976e84de1cb401"

[[plugins]]
name = "mason.nvim"
url = "https://github.com/mason-org/mason.nvim"
commit = "cb8445f8ce85d957416c106b780efd51c6298f89"

[[plugins]]
name = "material.nvim"
url = "https://github.com/marko-cerovac/material.nvim"
commit = "92f7366a9315cd386bc4fa4d716fde375dda210f"

[[plugins]]
name = "md-render.nvim"
url = "https://github.com/delphinus/md-render.nvim"
commit = "63d7cc5103855c06a07c4a00ea64dd082dd0940b"

[[plugins]]
name = "melange-nvim"
url = "https://github.com/savq/melange-nvim"
commit = "ce42f6b629beeaa00591ba73a77d3eeac4cf28ce"

[[plugins]]
name = "mellifluous.nvim"
url = "https://github.com/ramojus/mellifluous.nvim"
commit = "ec0575bdb63594c5e7fba6eb9607b009aa1fb74e"

[[plugins]]
name = "memolist.vim"
url = "https://github.com/glidenote/memolist.vim"
commit = "8090f7a973f266a600c2ea84ec6941346414300a"

[[plugins]]
name = "milli.nvim"
url = "https://github.com/Amansingh-afk/milli.nvim"
commit = "6a19fe9ab2a068b7ce384cea277c24672add161e"

[[plugins]]
name = "mini.base16"
url = "https://github.com/echasnovski/mini.base16"
commit = "800f107b27a00978b0dadd672d6da21a5b12fa9a"

[[plugins]]
name = "modus-themes.nvim"
url = "https://github.com/miikanissi/modus-themes.nvim"
commit = "17a64464c27c1be605adca13dbe48f2f402fe107"

[[plugins]]
name = "momiji"
url = "https://github.com/kyoh86/momiji"
commit = "eae4961fe337e7cb0589826dc1f5486eb8a1d332"

[[plugins]]
name = "monokai-nightasty.nvim"
url = "https://github.com/polirritmico/monokai-nightasty.nvim"
commit = "1e9b92006782a1217d0a7a871b871768f1cbf5ed"

[[plugins]]
name = "monokai-pro.nvim"
url = "https://github.com/loctvl842/monokai-pro.nvim"
commit = "28962e5301f9de9a465abd405c5b9065dba74fc5"

[[plugins]]
name = "nekonight"
url = "https://github.com/neko-night/nvim"
commit = "df1c6af5e1df601232a2c0fc7198ea1342e95f29"

[[plugins]]
name = "neodark.vim"
url = "https://github.com/KeitaNakamura/neodark.vim"
commit = "57b559faa535215c0466afd451f0114626e70c85"

[[plugins]]
name = "neofusion.nvim"
url = "https://github.com/diegoulloao/neofusion.nvim"
commit = "c8ef24be527be37254bf8981fa3e6216dee4f8d8"

[[plugins]]
name = "neogit"
url = "https://github.com/NeogitOrg/neogit"
commit = "88000e7e60177558d1b428a0d561c92e5d81341e"

[[plugins]]
name = "neojj"
url = "https://github.com/NicholasZolton/neojj"
commit = "1de8d61cf325334055d026fcd915c856bd7b5e04"

[[plugins]]
name = "neon"
url = "https://github.com/rafamadriz/neon"
commit = "7765aaa7d1cd3804176140644640766e4411c766"

[[plugins]]
name = "neorg"
url = "https://github.com/nvim-neorg/neorg"
commit = "1f14d72aad7165eac307a2a2f6be0fb97a04b3c2"

[[plugins]]
name = "neoscroll.nvim"
url = "https://github.com/karb94/neoscroll.nvim"
commit = "c8d29979cb0cb3a2437a8e0ae683fd82f340d3b8"

[[plugins]]
name = "newpaper.nvim"
url = "https://github.com/yorik1984/newpaper.nvim"
commit = "d52c778691bfd3fb9a038df05e922443f58d61fb"

[[plugins]]
name = "night-owl.nvim"
url = "https://github.com/oxfist/night-owl.nvim"
commit = "86ed124c2f7e118670649701288e024444bf91e5"

[[plugins]]
name = "noice.nvim"
url = "https://github.com/folke/noice.nvim"
commit = "7bfd942445fb63089b59f97ca487d605e715f155"

[[plugins]]
name = "nord.nvim"
url = "https://github.com/shaunsingh/nord.nvim"
commit = "80c1e5321505aeb22b7a9f23eb82f1e193c12470"

[[plugins]]
name = "nordic.nvim"
url = "https://github.com/AlexvZyl/nordic.nvim"
commit = "c38a210bdaf79e74823d88c741029cac7f6b4481"

[[plugins]]
name = "nui.nvim"
url = "https://github.com/MunifTanjim/nui.nvim"
commit = "de740991c12411b663994b2860f1a4fd0937c130"

[[plugins]]
name = "nvcode-color-schemes.vim"
url = "https://github.com/ChristianChiarulli/nvcode-color-schemes.vim"
commit = "3a0e624a67ecd2c7f990bc3c25a1044e85782b10"

[[plugins]]
name = "nvim-aibo"
url = "https://github.com/lambdalisue/nvim-aibo"
commit = "09bdb7c9549e2af76eb695986a5e6d4ede9a30b7"

[[plugins]]
name = "nvim-base16"
url = "https://github.com/RRethy/nvim-base16"
commit = "6b4f4a07b8b0c23a5cd3740631d96a97d7ccec09"

[[plugins]]
name = "nvim-bqf"
url = "https://github.com/kevinhwang91/nvim-bqf"
commit = "c282a62bec6c0621a1ef5132aa3f4c9fc4dcc2c7"

[[plugins]]
name = "nvim-dansa"
url = "https://github.com/hrsh7th/nvim-dansa"
commit = "4bbca1c7e6ade1db407b7ba0ab8363be7c174ac9"

[[plugins]]
name = "nvim-hlslens"
url = "https://github.com/kevinhwang91/nvim-hlslens"
commit = "be2d7b2be01860b5445a007ff2bc72b29896db6b"

[[plugins]]
name = "nvim-hybrid"
url = "https://github.com/PHSix/nvim-hybrid"
commit = "89206396ba22b2518f5db08d96e9aab800902163"

[[plugins]]
name = "nvim-insx"
url = "https://github.com/hrsh7th/nvim-insx"
commit = "fbba86031f3927ecbc11556217b4976a149c29c6"

[[plugins]]
name = "nvim-lint"
url = "https://github.com/mfussenegger/nvim-lint"
commit = "eab58b48eb11d7745c11c505e0f3057165902461"

[[plugins]]
name = "nvim-lspconfig"
url = "https://github.com/neovim/nvim-lspconfig"
commit = "f7e89f3d19fb436e1fbeff3bf4291eef35da94e3"

[[plugins]]
name = "nvim-markdown"
url = "https://github.com/ixru/nvim-markdown"
commit = "37850581fdaec153ce84af677d43bf8fce60813a"

[[plugins]]
name = "nvim-origami"
url = "https://github.com/chrisgrieser/nvim-origami"
commit = "67c15fd14037778644371487fc68855b530ccd7d"

[[plugins]]
name = "nvim-visual-eof.lua"
url = "https://github.com/LumaKernel/nvim-visual-eof.lua"
commit = "3c001c6cda4db5bf62ba33344e61e30230acd9eb"

[[plugins]]
name = "oasis.nvim"
url = "https://github.com/uhs-robert/oasis.nvim"
commit = "1f4ed6ffbaadde6f5a38502dbb933d30c1c39fd1"

[[plugins]]
name = "obsidian.nvim"
url = "https://github.com/epwalsh/obsidian.nvim"
commit = "726b60c89f4bafef267a714ea1faa1335bdd414a"

[[plugins]]
name = "oceanic-material"
url = "https://github.com/nvimdev/oceanic-material"
commit = "d0bb88707f4f9e6918a958c5a80aeddf6db5c652"

[[plugins]]
name = "oceanic-next-vim"
url = "https://github.com/adrian5/oceanic-next-vim"
commit = "f2b3ae42f3eaba658dbdda382251da6a130f4956"

[[plugins]]
name = "oh-lucy.nvim"
url = "https://github.com/yazeed1s/oh-lucy.nvim"
commit = "2d94e9b03efe4c50f4653b6f2b7b200d970fe1aa"

[[plugins]]
name = "onedark.vim"
url = "https://github.com/joshdick/onedark.vim"
commit = "47bec7a6196a843dad195d2666c3ac84c6e80c78"

[[plugins]]
name = "onenord.nvim"
url = "https://github.com/rmehri01/onenord.nvim"
commit = "b68f1e66736840e837c2a77ebff59c932fcb70c7"

[[plugins]]
name = "overseer.nvim"
url = "https://github.com/stevearc/overseer.nvim"
commit = "f818eefff81f4b12fb7cf236f1b6c16768a2fcbc"

[[plugins]]
name = "oxide"
url = "https://github.com/oxidescheme/nvim"
commit = "ff52c9afcf4a541b4d94f71cb0b00067ca3c6a9d"

[[plugins]]
name = "palenight.vim"
url = "https://github.com/drewtempelmeyer/palenight.vim"
commit = "5552a6349bcd927df9f17db34f017b77b963e503"

[[plugins]]
name = "papercolor-theme"
url = "https://github.com/NLKNguyen/papercolor-theme"
commit = "0cfe64ffb24c21a6101b5f994ca342a74c977aef"

[[plugins]]
name = "penumbra.nvim"
url = "https://github.com/Allianaab2m/penumbra.nvim"
commit = "11cd9994a42fd4d079793727ff11f6e19ef18942"

[[plugins]]
name = "pinkmare"
url = "https://github.com/Matsuuu/pinkmare"
commit = "8a4b4ce7a4b792abb5f19531059ecfcd1268d1c2"

[[plugins]]
name = "plantuml-syntax"
url = "https://github.com/aklt/plantuml-syntax"
commit = "9d4900aa16674bf5bb8296a72b975317d573b547"

[[plugins]]
name = "plenary.nvim"
url = "https://github.com/nvim-lua/plenary.nvim"
commit = "74b06c6c75e4eeb3108ec01852001636d85a932b"

[[plugins]]
name = "qfc.nvim"
url = "https://github.com/mei28/qfc.nvim"
commit = "5bf19cf22b51d415bf369ab9b0c35185a9d7eaec"

[[plugins]]
name = "quantum.vim"
url = "https://github.com/kjssad/quantum.vim"
commit = "32c3eee862eb3d607ec74d7e3e776079d702f8a9"

[[plugins]]
name = "quick-scope"
url = "https://github.com/unblevable/quick-scope"
commit = "6cee1d9e0b9ac0fbffeb538d4a5ba9f5628fabbc"

[[plugins]]
name = "quietlight.vim"
url = "https://github.com/aonemd/quietlight.vim"
commit = "61b00ed7c9678c2b23a5ceec8b895001f76af56b"

[[plugins]]
name = "rainglow"
url = "https://github.com/rainglow/vim"
commit = "837fd7292274e0ee2f3b5aee4519c3f74d7dc3d1"

[[plugins]]
name = "rigel"
url = "https://github.com/Rigellute/rigel"
commit = "d5b881432f5f243d3880e659437030930781f9a4"

[[plugins]]
name = "rose-pine"
url = "https://github.com/rose-pine/neovim"
commit = "6a961effd67f6130d36df6d1c05c48c739796dd2"

[[plugins]]
name = "rvpm.nvim"
url = "https://github.com/yukimemi/rvpm.nvim"
commit = "894f2a8cc6f6907339b1fbcba4daac89a382e454"

[[plugins]]
name = "shirotelin"
url = "https://github.com/yasukotelin/shirotelin"
commit = "c486f6f1c88acb585859b8d96dd68eafeb14bbd3"

[[plugins]]
name = "sidekick.nvim"
url = "https://github.com/folke/sidekick.nvim"
commit = "208e1c5b8170c01fd1d07df0139322a76479b235"

[[plugins]]
name = "silentsaver.vim"
url = "https://github.com/yukimemi/silentsaver.vim"
commit = "cbdae0576c64973453a414d9bd4a9fb52008f098"

[[plugins]]
name = "size-matters.nvim"
url = "https://github.com/tenxsoydev/size-matters.nvim"
commit = "0aabfeb5eba72f013ed91bdd388c6ad666f7c78a"

[[plugins]]
name = "smartnumber.vim"
url = "https://github.com/mopp/smartnumber.vim"
commit = "16b6dedca81f5f9d49cc82492df71dc41cac6f76"

[[plugins]]
name = "snacks-source-chronicle"
url = "https://github.com/yukimemi/snacks-source-chronicle"
commit = "08f79eb378290b7b42f9e1660a4afa87bc12eb00"

[[plugins]]
name = "snacks.nvim"
url = "https://github.com/folke/snacks.nvim"
commit = "ad9ede6a9cddf16cedbd31b8932d6dcdee9b716e"

[[plugins]]
name = "solarized-osaka.nvim"
url = "https://github.com/craftzdog/solarized-osaka.nvim"
commit = "a261ee90fb3e5e82660567e4874d384e996afa4f"

[[plugins]]
name = "solarized.nvim"
url = "https://github.com/maxmx03/solarized.nvim"
commit = "a8085e29883ddcfb39bd46197eb32ef00df05368"

[[plugins]]
name = "space-vim-dark"
url = "https://github.com/liuchengxu/space-vim-dark"
commit = "0ab698bd2a3959e3bed7691ac55ba4d8abefd143"

[[plugins]]
name = "space-vim-theme"
url = "https://github.com/liuchengxu/space-vim-theme"
commit = "4790dbba31f678f75af4f4c7a1465008542bd979"

[[plugins]]
name = "spaceduck"
url = "https://github.com/pineapplegiant/spaceduck"
commit = "350491f19343b24fa85809242089caa02d4dadce"

[[plugins]]
name = "srcery-vim"
url = "https://github.com/srcery-colors/srcery-vim"
commit = "ca521d76f968713dabfe29b7f13d57fc257da43e"

[[plugins]]
name = "tender.vim"
url = "https://github.com/jacoborus/tender.vim"
commit = "b66dc330aff998dff9d44459d84bc1c5f4304fcc"

[[plugins]]
name = "terracotta.nvim"
url = "https://github.com/Pearljak/terracotta.nvim"
commit = "b3ebaedc6546c33cebc3910d3aa4963c09a8bc8b"

[[plugins]]
name = "textobj-lastpaste"
url = "https://github.com/gilligan/textobj-lastpaste"
commit = "29fe0fed7e70b6153ca272ecfd10b54490e46327"

[[plugins]]
name = "tiny-inline-diagnostic.nvim"
url = "https://github.com/rachartier/tiny-inline-diagnostic.nvim"
commit = "147af4e49f51dd48f41972de26552872b8ba7b25"

[[plugins]]
name = "toast.vim"
url = "https://github.com/jsit/toast.vim"
commit = "6ef5cea8298e64a555cfaf7541bb94781d06dc69"

[[plugins]]
name = "todotxt.nvim"
url = "https://github.com/arnarg/todotxt.nvim"
commit = "1c5a9fe131c31846844870cf9bcaada6b65e5e59"

[[plugins]]
name = "toggleterm.nvim"
url = "https://github.com/akinsho/toggleterm.nvim"
commit = "9a88eae817ef395952e08650b3283726786fb5fb"

[[plugins]]
name = "tokyodark.nvim"
url = "https://github.com/tiagovla/tokyodark.nvim"
commit = "659aff3c73dc2e0159314050a81671f0b2eaad01"

[[plugins]]
name = "tokyonight.nvim"
url = "https://github.com/folke/tokyonight.nvim"
commit = "cdc07ac78467a233fd62c493de29a17e0cf2b2b6"

[[plugins]]
name = "trouble.nvim"
url = "https://github.com/folke/trouble.nvim"
commit = "bd67efe408d4816e25e8491cc5ad4088e708a69a"

[[plugins]]
name = "twilight.nvim"
url = "https://github.com/folke/twilight.nvim"
commit = "664e752f4a219801265cc3fc18782b457b58c1e1"

[[plugins]]
name = "undo-glow.nvim"
url = "https://github.com/y3owk1n/undo-glow.nvim"
commit = "25314a94cdfd84a3ca62bada1f88ed00982659ac"

[[plugins]]
name = "vadelma"
url = "https://github.com/severij/vadelma"
commit = "c4d2222d11d98028f0f454a1eec99f18c6a175a7"

[[plugins]]
name = "vague.nvim"
url = "https://github.com/vague-theme/vague.nvim"
commit = "fd58046b9d64259d9785e4aeb6d6f494c6943cad"

[[plugins]]
name = "vim-ambicmd"
url = "https://github.com/thinca/vim-ambicmd"
commit = "e0bd93207cc9adca066208f75591183caee8f4b3"

[[plugins]]
name = "vim-aomi-grayscale"
url = "https://github.com/eihigh/vim-aomi-grayscale"
commit = "eb4a16f36d93a6a1ff2b6520bf8fa3042e40ad4e"

[[plugins]]
name = "vim-archery"
url = "https://github.com/Badacadabra/vim-archery"
commit = "0084b5d1199deb5c671e0e6017e9a0224f66f236"

[[plugins]]
name = "vim-askpass"
url = "https://github.com/lambdalisue/vim-askpass"
commit = "c40b7e296ad626ffebdf26793236a55c8e3517ca"

[[plugins]]
name = "vim-asterisk"
url = "https://github.com/haya14busa/vim-asterisk"
commit = "77e97061d6691637a034258cc415d98670698459"

[[plugins]]
name = "vim-better-whitespace"
url = "https://github.com/ntpeters/vim-better-whitespace"
commit = "de99b55a6fe8c96a69f9376f16b1d5d627a56e81"

[[plugins]]
name = "vim-cargo-make"
url = "https://github.com/nastevens/vim-cargo-make"
commit = "9f36abd5b6b94bf12af44f6210b5f8836509ff69"

[[plugins]]
name = "vim-color-spring-night"
url = "https://github.com/rhysd/vim-color-spring-night"
commit = "e6bf5b7068ce7d54d4133f0975811528627ea381"

[[plugins]]
name = "vim-colors-hatsunemiku"
url = "https://github.com/4513ECHO/vim-colors-hatsunemiku"
commit = "eecb0f1fe4db10c312a8174d758ba275a8e95736"

[[plugins]]
name = "vim-colors-japanesque"
url = "https://github.com/aereal/vim-colors-japanesque"
commit = "7dc8864d1e82f202c311da257fc1157b200e3e7b"

[[plugins]]
name = "vim-colors-lucid"
url = "https://github.com/cseelus/vim-colors-lucid"
commit = "4efacf11f4bda195a4dd2612a87515a2ebd6b3a0"

[[plugins]]
name = "vim-colors-off"
url = "https://github.com/pbrisbin/vim-colors-off"
commit = "2879dc5d358a4856873ca708399b34a436a0f3ec"

[[plugins]]
name = "vim-colors-stylus"
url = "https://github.com/nickburlett/vim-colors-stylus"
commit = "e48dd4178bf6e0ceff83e64984324e858c3a39c6"

[[plugins]]
name = "vim-colorscheme-kemonofriends"
url = "https://github.com/machakann/vim-colorscheme-kemonofriends"
commit = "e575546c0e9009ab18a04593747fe5fe9eb0db39"

[[plugins]]
name = "vim-colorscheme-tatami"
url = "https://github.com/machakann/vim-colorscheme-tatami"
commit = "5f439001c1f1ee21e60038a974a81d2d6109b50a"

[[plugins]]
name = "vim-dogrun"
url = "https://github.com/wadackel/vim-dogrun"
commit = "167a7181f5151927a18f93dcc7a67f8219d4d5ba"

[[plugins]]
name = "vim-easy-align"
url = "https://github.com/junegunn/vim-easy-align"
commit = "9815a55dbcd817784458df7a18acacc6f82b1241"

[[plugins]]
name = "vim-edgemotion"
url = "https://github.com/haya14busa/vim-edgemotion"
commit = "8d16bd92f6203dfe44157d43be7880f34fd5c060"

[[plugins]]
name = "vim-expand-region"
url = "https://github.com/terryma/vim-expand-region"
commit = "966513543de0ddc2d673b5528a056269e7917276"

[[plugins]]
name = "vim-gin"
url = "https://github.com/lambdalisue/vim-gin"
commit = "726a2eede0f03e97507ec99ea20cba83f8eb086e"

[[plugins]]
name = "vim-github-theme"
url = "https://github.com/leviosa42/vim-github-theme"
commit = "473ec4e99a14537f706ed0fbcbd0f147e2f7e643"

[[plugins]]
name = "vim-gruvbit"
url = "https://github.com/habamax/vim-gruvbit"
commit = "9c9336abbd08fbc2ddf9b4f60f6502dea37e3443"

[[plugins]]
name = "vim-guise"
url = "https://github.com/lambdalisue/vim-guise"
commit = "eae13cebec562dda4378765da3b9044bde81d07a"

[[plugins]]
name = "vim-highlighturl"
url = "https://github.com/itchyny/vim-highlighturl"
commit = "7179156ccc68168e7ef8f1eae28edf36911f5a3c"

[[plugins]]
name = "vim-illuminate"
url = "https://github.com/RRethy/vim-illuminate"
commit = "0d1e93684da00ab7c057410fecfc24f434698898"

[[plugins]]
name = "vim-kensaku"
url = "https://github.com/lambdalisue/vim-kensaku"
commit = "67727c8cc81f45b3c3abc600ecfef6fba620eb88"

[[plugins]]
name = "vim-lucius"
url = "https://github.com/jonathanfilip/vim-lucius"
commit = "b5dea9864ae64714da4635993ad2fc2703e7c832"

[[plugins]]
name = "vim-matchup"
url = "https://github.com/andymass/vim-matchup"
commit = "dccb2d12ef2a703d2f076b3cda36a3339449d1eb"

[[plugins]]
name = "vim-nightfly-colors"
url = "https://github.com/bluz71/vim-nightfly-colors"
commit = "4980ccc6de5f361fc9da116240ce7592e7d9a53a"

[[plugins]]
name = "vim-nightfly-guicolors"
url = "https://github.com/bluz71/vim-nightfly-guicolors"
commit = "4980ccc6de5f361fc9da116240ce7592e7d9a53a"

[[plugins]]
name = "vim-operator-replace"
url = "https://github.com/kana/vim-operator-replace"
commit = "1345a556a321a092716e149d4765a5e17c0e9f0f"

[[plugins]]
name = "vim-operator-user"
url = "https://github.com/kana/vim-operator-user"
commit = "c3dfd41c1ed516b4b901c97562e644de62c367aa"

[[plugins]]
name = "vim-pink-moon"
url = "https://github.com/sts10/vim-pink-moon"
commit = "3f8a09adbc601e681eb30d9ca0202fbdaa16acc8"

[[plugins]]
name = "vim-qfedit"
url = "https://github.com/itchyny/vim-qfedit"
commit = "5b85a472632d928a252b0a0446bf223d4b44f627"

[[plugins]]
name = "vim-repeat"
url = "https://github.com/kana/vim-repeat"
commit = "6dd787884b4df5c9193073325775b22c3a800225"

[[plugins]]
name = "vim-robot"
url = "https://github.com/futsuuu/vim-robot"
commit = "1ecb6f713035ead72249dda8d4f5ae6ccb87952f"

[[plugins]]
name = "vim-sandwich"
url = "https://github.com/machakann/vim-sandwich"
commit = "74cf93d58ccc567d8e2310a69860f1b93af19403"

[[plugins]]
name = "vim-seethrough"
url = "https://github.com/lambdalisue/vim-seethrough"
commit = "9d1b3714a94420f669f733bcc82241c039f0b69a"

[[plugins]]
name = "vim-snipewin"
url = "https://github.com/4513ECHO/vim-snipewin"
commit = "9616fd4564d61c78947e3dda53ef9ac61cce032c"

[[plugins]]
name = "vim-solarized8"
url = "https://github.com/lifepillar/vim-solarized8"
commit = "4433b4411de92b2446a4d32f0d8bf1b25c476bf9"

[[plugins]]
name = "vim-startuptime"
url = "https://github.com/dstein64/vim-startuptime"
commit = "f10474b400c197787a0434548d842a2db583c333"

[[plugins]]
name = "vim-swap"
url = "https://github.com/machakann/vim-swap"
commit = "9358bfdc5e377aa13e7c2c2dd8699ba32b0dcf83"

[[plugins]]
name = "vim-table-mode"
url = "https://github.com/dhruvasagar/vim-table-mode"
commit = "bb025308a45c67c7c8f0763ba37bc2ee3f534df0"

[[plugins]]
name = "vim-test"
url = "https://github.com/vim-test/vim-test"
commit = "bc0e94059de40641d163516a83c63bc45c716acf"

[[plugins]]
name = "vim-textobj-entire"
url = "https://github.com/kana/vim-textobj-entire"
commit = "64a856c9dff3425ed8a863b9ec0a21dbaee6fb3a"

[[plugins]]
name = "vim-textobj-functioncall"
url = "https://github.com/machakann/vim-textobj-functioncall"
commit = "325f3c43241860226b57b3f9417e8a4941a70d38"

[[plugins]]
name = "vim-textobj-generics"
url = "https://github.com/yuki-yano/vim-textobj-generics"
commit = "e298c5a123ef1facfe02ef79e121bd06a3da9970"

[[plugins]]
name = "vim-textobj-indent"
url = "https://github.com/kana/vim-textobj-indent"
commit = "deb76867c302f933c8f21753806cbf2d8461b548"

[[plugins]]
name = "vim-textobj-line"
url = "https://github.com/kana/vim-textobj-line"
commit = "1a6780d29adcf7e464e8ddbcd0be0a9df1a37339"

[[plugins]]
name = "vim-textobj-user"
url = "https://github.com/kana/vim-textobj-user"
commit = "41a675ddbeefd6a93664a4dc52f302fe3086a933"

[[plugins]]
name = "vim-vitamin-onec"
url = "https://github.com/gkapfham/vim-vitamin-onec"
commit = "5c74efccf5aeb4b7673238b7e431bc683859e775"

[[plugins]]
name = "vim-zhi"
url = "https://github.com/ingram1107/vim-zhi"
commit = "9ce003c87a50e5f1d92a87dfc34f976c027389c0"

[[plugins]]
name = "vimdark"
url = "https://github.com/ldelossa/vimdark"
commit = "ffd7240f8346cb61ab80eda84b78f8983a3c69bf"

[[plugins]]
name = "virtcolumn.nvim"
url = "https://github.com/xiyaowong/virtcolumn.nvim"
commit = "4d385b4aa42aa3af6fa2cb8527462fa4badbd163"

[[plugins]]
name = "which-key.nvim"
url = "https://github.com/folke/which-key.nvim"
commit = "3aab2147e74890957785941f0c1ad87d0a44c15a"

[[plugins]]
name = "whyis.nvim"
url = "https://github.com/takeshid/whyis.nvim"
commit = "77274276e077acc776d649be2e0e11f1e9084d60"

[[plugins]]
name = "winresizer"
url = "https://github.com/simeji/winresizer"
commit = "299076f7f79e2e2f7706b2dfacbb3c074ce53257"

[[plugins]]
name = "yanky.nvim"
url = "https://github.com/gbprod/yanky.nvim"
commit = "784188e0a7363e762e53140f39124d786aec0832"

[[plugins]]
name = "yash.nvim"
url = "https://github.com/kihachi2000/yash.nvim"
commit = "5e206e87fc3451748702fed5bccb4289cb992b09"

[[plugins]]
name = "yazi.nvim"
url = "https://github.com/mikavilpas/yazi.nvim"
commit = "b041b075db1d593fe011a675c6f26bf37175172b"

[[plugins]]
name = "zen-mode.nvim"
url = "https://github.com/folke/zen-mode.nvim"
commit = "8564ce6d29ec7554eb9df578efa882d33b3c23a7"

[[plugins]]
name = "zenbones.nvim"
url = "https://github.com/zenbones-theme/zenbones.nvim"
commit = "22b7fb75593412e0dc81b4bdefae718e9e84aa82"

[[plugins]]
name = "zengarden"
url = "https://github.com/tobi-wan-kenobi/zengarden"
commit = "09903cd4995567c9249e6cfa51bf97a441f55a91"

[[plugins]]
name = "zephyr-nvim"
url = "https://github.com/nvimdev/zephyr-nvim"
commit = "7fd86b7164442d3b5ec2c81b2694d040e716b5cf"

[[plugins]]
name = "zero.nvim"
url = "https://github.com/yuki-yano/zero.nvim"
commit = "ec0b1adcb3a34fad96c7a04bf0130db716f66e8c"
